
Microsoft Visual Studio Solution File, Format Version 12.00
# Visual Studio Version 17
VisualStudioVersion = 17.11.35327.3
MinimumVisualStudioVersion = 10.0.40219.1
Project("{FAE04EC0-301F-11D3-BF4B-00C04F79EFBC}") = "Day1", "Day1\Day1.csproj", "{EA72020C-1338-4712-A794-63281F349CB7}"
EndProject
Project("{FAE04EC0-301F-11D3-BF4B-00C04F79EFBC}") = "CV", "CV\CV.csproj", "{A513B0F1-007F-4312-B501-B1EDBAEE660B}"
EndProject
Project("{FAE04EC0-301F-11D3-BF4B-00C04F79EFBC}") = "Day3", "..\..\class\Day3\Day3.csproj", "{BE0C6060-73E8-41F7-8537-7FEFBCCA172A}"
EndProject
Project("{9A19103F-16F7-4668-BE54-9A1E7A4F7556}") = "Day4", "..\..\class\Day4\Day4.csproj", "{9963C8AD-032D-4FB2-A107-DB60D94B6B7E}"
EndProject
Global
	GlobalSection(SolutionConfigurationPlatforms) = preSolution
		Debug|Any CPU = Debug|Any CPU
		Release|Any CPU = Release|Any CPU
	EndGlobalSection
	GlobalSection(ProjectConfigurationPlatforms) = postSolution
		{EA72020C-1338-4712-A794-63281F349CB7}.Debug|Any CPU.ActiveCfg = Debug|Any CPU
		{EA72020C-1338-4712-A794-63281F349CB7}.Debug|Any CPU.Build.0 = Debug|Any CPU
		{EA72020C-1338-4712-A794-63281F349CB7}.Release|Any CPU.ActiveCfg = Release|Any CPU
		{EA72020C-1338-4712-A794-63281F349CB7}.Release|Any CPU.Build.0 = Release|Any CPU
		{A513B0F1-007F-4312-B501-B1EDBAEE660B}.Debug|Any CPU.ActiveCfg = Debug|Any CPU
		{A513B0F1-007F-4312-B501-B1EDBAEE660B}.Debug|Any CPU.Build.0 = Debug|Any CPU
		{A513B0F1-007F-4312-B501-B1EDBAEE660B}.Release|Any CPU.ActiveCfg = Release|Any CPU
		{A513B0F1-007F-4312-B501-B1EDBAEE660B}.Release|Any CPU.Build.0 = Release|Any CPU
		{BE0C6060-73E8-41F7-8537-7FEFBCCA172A}.Debug|Any CPU.ActiveCfg = Debug|Any CPU
		{BE0C6060-73E8-41F7-8537-7FEFBCCA172A}.Debug|Any CPU.Build.0 = Debug|Any CPU
		{BE0C6060-73E8-41F7-8537-7FEFBCCA172A}.Release|Any CPU.ActiveCfg = Release|Any CPU
		{BE0C6060-73E8-41F7-8537-7FEFBCCA172A}.Release|Any CPU.Build.0 = Release|Any CPU
		{9963C8AD-032D-4FB2-A107-DB60D94B6B7E}.Debug|Any CPU.ActiveCfg = Debug|Any CPU
		{9963C8AD-032D-4FB2-A107-DB60D94B6B7E}.Debug|Any CPU.Build.0 = Debug|Any CPU
		{9963C8AD-032D-4FB2-A107-DB60D94B6B7E}.Release|Any CPU.ActiveCfg = Release|Any CPU
		{9963C8AD-032D-4FB2-A107-DB60D94B6B7E}.Release|Any CPU.Build.0 = Release|Any CPU
	EndGlobalSection
	GlobalSection(SolutionProperties) = preSolution
		HideSolutionNode = FALSE
	EndGlobalSection
	GlobalSection(ExtensibilityGlobals) = postSolution
		SolutionGuid = {CFF7CC6D-AF49-4D29-A192-44F75C88A2BB}
	EndGlobalSection
EndGlobal
